
Microsoft Visual Studio Solution File, Format Version 12.00
# Visual Studio Version 16
VisualStudioVersion = 16.0.33214.272
MinimumVisualStudioVersion = 10.0.40219.1
Project("{FAE04EC0-301F-11D3-BF4B-00C04F79EFBC}") = "bai6", "bai6\bai6.csproj", "{2D62DBBA-183D-410A-82B6-A5F284F4843B}"
EndProject
Global
	GlobalSection(SolutionConfigurationPlatforms) = preSolution
		Debug|Any CPU = Debug|Any CPU
		Release|Any CPU = Release|Any CPU
	EndGlobalSection
	GlobalSection(ProjectConfigurationPlatforms) = postSolution
		{2D62DBBA-183D-410A-82B6-A5F284F4843B}.Debug|Any CPU.ActiveCfg = Debug|Any CPU
		{2D62DBBA-183D-410A-82B6-A5F284F4843B}.Debug|Any CPU.Build.0 = Debug|Any CPU
		{2D62DBBA-183D-410A-82B6-A5F284F4843B}.Release|Any CPU.ActiveCfg = Release|Any CPU
		{2D62DBBA-183D-410A-82B6-A5F284F4843B}.Release|Any CPU.Build.0 = Release|Any CPU
	EndGlobalSection
	GlobalSection(SolutionProperties) = preSolution
		HideSolutionNode = FALSE
	EndGlobalSection
	GlobalSection(ExtensibilityGlobals) = postSolution
		SolutionGuid = {11DEE4A5-FF17-4CDF-BDE5-124AEA7266F9}
	EndGlobalSection
EndGlobal
