
Microsoft Visual Studio Solution File, Format Version 12.00
# Visual Studio Version 16
VisualStudioVersion = 16.0.33214.272
MinimumVisualStudioVersion = 10.0.40219.1
Project("{FAE04EC0-301F-11D3-BF4B-00C04F79EFBC}") = "Bai2", "Bai2\Bai2.csproj", "{430F80B5-6CBA-4818-B835-5CACFB6CB4F2}"
EndProject
Global
	GlobalSection(SolutionConfigurationPlatforms) = preSolution
		Debug|Any CPU = Debug|Any CPU
		Release|Any CPU = Release|Any CPU
	EndGlobalSection
	GlobalSection(ProjectConfigurationPlatforms) = postSolution
		{430F80B5-6CBA-4818-B835-5CACFB6CB4F2}.Debug|Any CPU.ActiveCfg = Debug|Any CPU
		{430F80B5-6CBA-4818-B835-5CACFB6CB4F2}.Debug|Any CPU.Build.0 = Debug|Any CPU
		{430F80B5-6CBA-4818-B835-5CACFB6CB4F2}.Release|Any CPU.ActiveCfg = Release|Any CPU
		{430F80B5-6CBA-4818-B835-5CACFB6CB4F2}.Release|Any CPU.Build.0 = Release|Any CPU
	EndGlobalSection
	GlobalSection(SolutionProperties) = preSolution
		HideSolutionNode = FALSE
	EndGlobalSection
	GlobalSection(ExtensibilityGlobals) = postSolution
		SolutionGuid = {2FC42EC8-C565-4E3E-9565-83663726A5C8}
	EndGlobalSection
EndGlobal
